
Microsoft Visual Studio Solution File, Format Version 12.00
# Visual Studio Version 16
VisualStudioVersion = 16.0.31025.194
MinimumVisualStudioVersion = 10.0.40219.1
Project("{FAE04EC0-301F-11D3-BF4B-00C04F79EFBC}") = "car_center_api", "car_center_api.csproj", "{32C28660-4059-4074-A0CA-D566F0245036}"
EndProject
Global
	GlobalSection(SolutionConfigurationPlatforms) = preSolution
		Debug|Any CPU = Debug|Any CPU
		Release|Any CPU = Release|Any CPU
	EndGlobalSection
	GlobalSection(ProjectConfigurationPlatforms) = postSolution
		{32C28660-4059-4074-A0CA-D566F0245036}.Debug|Any CPU.ActiveCfg = Debug|Any CPU
		{32C28660-4059-4074-A0CA-D566F0245036}.Debug|Any CPU.Build.0 = Debug|Any CPU
		{32C28660-4059-4074-A0CA-D566F0245036}.Release|Any CPU.ActiveCfg = Release|Any CPU
		{32C28660-4059-4074-A0CA-D566F0245036}.Release|Any CPU.Build.0 = Release|Any CPU
	EndGlobalSection
	GlobalSection(SolutionProperties) = preSolution
		HideSolutionNode = FALSE
	EndGlobalSection
	GlobalSection(ExtensibilityGlobals) = postSolution
		SolutionGuid = {5C78FA93-76F8-4A5B-BEF5-5AC1A33C1EC8}
	EndGlobalSection
EndGlobal
